
Microsoft Visual Studio Solution File, Format Version 12.00
# Visual Studio Version 16
VisualStudioVersion = 16.0.30611.23
MinimumVisualStudioVersion = 10.0.40219.1
Project("{FAE04EC0-301F-11D3-BF4B-00C04F79EFBC}") = "Pokedex", "Pokedex.csproj", "{65139964-901C-422F-9DE2-6C25537E81A8}"
EndProject
Global
	GlobalSection(SolutionConfigurationPlatforms) = preSolution
		Debug|Any CPU = Debug|Any CPU
		Release|Any CPU = Release|Any CPU
	EndGlobalSection
	GlobalSection(ProjectConfigurationPlatforms) = postSolution
		{65139964-901C-422F-9DE2-6C25537E81A8}.Debug|Any CPU.ActiveCfg = Debug|Any CPU
		{65139964-901C-422F-9DE2-6C25537E81A8}.Debug|Any CPU.Build.0 = Debug|Any CPU
		{65139964-901C-422F-9DE2-6C25537E81A8}.Release|Any CPU.ActiveCfg = Release|Any CPU
		{65139964-901C-422F-9DE2-6C25537E81A8}.Release|Any CPU.Build.0 = Release|Any CPU
	EndGlobalSection
	GlobalSection(SolutionProperties) = preSolution
		HideSolutionNode = FALSE
	EndGlobalSection
	GlobalSection(ExtensibilityGlobals) = postSolution
		SolutionGuid = {CD3D9298-D138-424E-9463-08410C8CC2B4}
	EndGlobalSection
EndGlobal
